// !$*UTF8*$!
{
	archiveVersion = 1;
	classes = {
	};
	objectVersion = 46;
	objects = {

/* Begin PBXBuildFile section */
		34679B421D9370DA001EF84A /* OpacityViewController.swift in Sources */ = {isa = PBXBuildFile; fileRef = 34679B411D9370DA001EF84A /* OpacityViewController.swift */; };
		34679B441D937405001EF84A /* ScaleViewController.swift in Sources */ = {isa = PBXBuildFile; fileRef = 34679B431D937405001EF84A /* ScaleViewController.swift */; };
		34679B461D93783E001EF84A /* ColorViewController.swift in Sources */ = {isa = PBXBuildFile; fileRef = 34679B451D93783E001EF84A /* ColorViewController.swift */; };
		34679B481D9378A4001EF84A /* RotationViewController.swift in Sources */ = {isa = PBXBuildFile; fileRef = 34679B471D9378A4001EF84A /* RotationViewController.swift */; };
		34679B4C1D937DBC001EF84A /* wheel-1.png in Resources */ = {isa = PBXBuildFile; fileRef = 34679B491D937DBC001EF84A /* wheel-1.png */; };
		34679B4D1D937DBC001EF84A /* wheel-2.png in Resources */ = {isa = PBXBuildFile; fileRef = 34679B4A1D937DBC001EF84A /* wheel-2.png */; };
		34679B4E1D937DBC001EF84A /* wheel.png in Resources */ = {isa = PBXBuildFile; fileRef = 34679B4B1D937DBC001EF84A /* wheel.png */; };
		34679B761D93D4EB001EF84A /* RepeatViewController.swift in Sources */ = {isa = PBXBuildFile; fileRef = 34679B751D93D4EB001EF84A /* RepeatViewController.swift */; };
		34679B781D93E1DE001EF84A /* EassingViewController.swift in Sources */ = {isa = PBXBuildFile; fileRef = 34679B771D93E1DE001EF84A /* EassingViewController.swift */; };
		6F0457841D92B8F10065E308 /* AppDelegate.swift in Sources */ = {isa = PBXBuildFile; fileRef = 6F0457831D92B8F10065E308 /* AppDelegate.swift */; };
		6F0457861D92B8F10065E308 /* ViewController.swift in Sources */ = {isa = PBXBuildFile; fileRef = 6F0457851D92B8F10065E308 /* ViewController.swift */; };
		6F0457891D92B8F10065E308 /* Main.storyboard in Resources */ = {isa = PBXBuildFile; fileRef = 6F0457871D92B8F10065E308 /* Main.storyboard */; };
		6F04578B1D92B8F20065E308 /* Assets.xcassets in Resources */ = {isa = PBXBuildFile; fileRef = 6F04578A1D92B8F20065E308 /* Assets.xcassets */; };
		6F04578E1D92B8F20065E308 /* LaunchScreen.storyboard in Resources */ = {isa = PBXBuildFile; fileRef = 6F04578C1D92B8F20065E308 /* LaunchScreen.storyboard */; };
		6F0457961D92BCDB0065E308 /* PositionViewController.swift in Sources */ = {isa = PBXBuildFile; fileRef = 6F0457951D92BCDB0065E308 /* PositionViewController.swift */; };
/* End PBXBuildFile section */

/* Begin PBXFileReference section */
		34679B411D9370DA001EF84A /* OpacityViewController.swift */ = {isa = PBXFileReference; fileEncoding = 4; lastKnownFileType = sourcecode.swift; path = OpacityViewController.swift; sourceTree = "<group>"; };
		34679B431D937405001EF84A /* ScaleViewController.swift */ = {isa = PBXFileReference; fileEncoding = 4; lastKnownFileType = sourcecode.swift; path = ScaleViewController.swift; sourceTree = "<group>"; };
		34679B451D93783E001EF84A /* ColorViewController.swift */ = {isa = PBXFileReference; fileEncoding = 4; lastKnownFileType = sourcecode.swift; path = ColorViewController.swift; sourceTree = "<group>"; };
		34679B471D9378A4001EF84A /* RotationViewController.swift */ = {isa = PBXFileReference; fileEncoding = 4; lastKnownFileType = sourcecode.swift; path = RotationViewController.swift; sourceTree = "<group>"; };
		34679B491D937DBC001EF84A /* wheel-1.png */ = {isa = PBXFileReference; lastKnownFileType = image.png; path = "wheel-1.png"; sourceTree = "<group>"; };
		34679B4A1D937DBC001EF84A /* wheel-2.png */ = {isa = PBXFileReference; lastKnownFileType = image.png; path = "wheel-2.png"; sourceTree = "<group>"; };
		34679B4B1D937DBC001EF84A /* wheel.png */ = {isa = PBXFileReference; lastKnownFileType = image.png; path = wheel.png; sourceTree = "<group>"; };
		34679B751D93D4EB001EF84A /* RepeatViewController.swift */ = {isa = PBXFileReference; fileEncoding = 4; lastKnownFileType = sourcecode.swift; path = RepeatViewController.swift; sourceTree = "<group>"; };
		34679B771D93E1DE001EF84A /* EassingViewController.swift */ = {isa = PBXFileReference; fileEncoding = 4; lastKnownFileType = sourcecode.swift; path = EassingViewController.swift; sourceTree = "<group>"; };
		6F0457801D92B8F10065E308 /* AnimationSample.app */ = {isa = PBXFileReference; explicitFileType = wrapper.application; includeInIndex = 0; path = AnimationSample.app; sourceTree = BUILT_PRODUCTS_DIR; };
		6F0457831D92B8F10065E308 /* AppDelegate.swift */ = {isa = PBXFileReference; lastKnownFileType = sourcecode.swift; path = AppDelegate.swift; sourceTree = "<group>"; };
		6F0457851D92B8F10065E308 /* ViewController.swift */ = {isa = PBXFileReference; lastKnownFileType = sourcecode.swift; path = ViewController.swift; sourceTree = "<group>"; };
		6F0457881D92B8F10065E308 /* Base */ = {isa = PBXFileReference; lastKnownFileType = file.storyboard; name = Base; path = Base.lproj/Main.storyboard; sourceTree = "<group>"; };
		6F04578A1D92B8F20065E308 /* Assets.xcassets */ = {isa = PBXFileReference; lastKnownFileType = folder.assetcatalog; path = Assets.xcassets; sourceTree = "<group>"; };
		6F04578D1D92B8F20065E308 /* Base */ = {isa = PBXFileReference; lastKnownFileType = file.storyboard; name = Base; path = Base.lproj/LaunchScreen.storyboard; sourceTree = "<group>"; };
		6F04578F1D92B8F20065E308 /* Info.plist */ = {isa = PBXFileReference; lastKnownFileType = text.plist.xml; path = Info.plist; sourceTree = "<group>"; };
		6F0457951D92BCDB0065E308 /* PositionViewController.swift */ = {isa = PBXFileReference; fileEncoding = 4; lastKnownFileType = sourcecode.swift; path = PositionViewController.swift; sourceTree = "<group>"; };
/* End PBXFileReference section */

/* Begin PBXFrameworksBuildPhase section */
		6F04577D1D92B8F10065E308 /* Frameworks */ = {
			isa = PBXFrameworksBuildPhase;
			buildActionMask = 2147483647;
			files = (
			);
			runOnlyForDeploymentPostprocessing = 0;
		};
/* End PBXFrameworksBuildPhase section */

/* Begin PBXGroup section */
		6F0457771D92B8F10065E308 = {
			isa = PBXGroup;
			children = (
				6F0457821D92B8F10065E308 /* AnimationSample */,
				6F0457811D92B8F10065E308 /* Products */,
			);
			sourceTree = "<group>";
		};
		6F0457811D92B8F10065E308 /* Products */ = {
			isa = PBXGroup;
			children = (
				6F0457801D92B8F10065E308 /* AnimationSample.app */,
			);
			name = Products;
			sourceTree = "<group>";
		};
		6F0457821D92B8F10065E308 /* AnimationSample */ = {
			isa = PBXGroup;
			children = (
				6F0457831D92B8F10065E308 /* AppDelegate.swift */,
				6F0457851D92B8F10065E308 /* ViewController.swift */,
				6F0457951D92BCDB0065E308 /* PositionViewController.swift */,
				34679B411D9370DA001EF84A /* OpacityViewController.swift */,
				34679B431D937405001EF84A /* ScaleViewController.swift */,
				34679B451D93783E001EF84A /* ColorViewController.swift */,
				34679B471D9378A4001EF84A /* RotationViewController.swift */,
				34679B751D93D4EB001EF84A /* RepeatViewController.swift */,
				34679B771D93E1DE001EF84A /* EassingViewController.swift */,
				6F0457871D92B8F10065E308 /* Main.storyboard */,
				6F04578A1D92B8F20065E308 /* Assets.xcassets */,
				34679B491D937DBC001EF84A /* wheel-1.png */,
				34679B4A1D937DBC001EF84A /* wheel-2.png */,
				34679B4B1D937DBC001EF84A /* wheel.png */,
				6F04578C1D92B8F20065E308 /* LaunchScreen.storyboard */,
				6F04578F1D92B8F20065E308 /* Info.plist */,
			);
			path = AnimationSample;
			sourceTree = "<group>";
		};
/* End PBXGroup section */

/* Begin PBXNativeTarget section */
		6F04577F1D92B8F10065E308 /* AnimationSample */ = {
			isa = PBXNativeTarget;
			buildConfigurationList = 6F0457921D92B8F20065E308 /* Build configuration list for PBXNativeTarget "AnimationSample" */;
			buildPhases = (
				6F04577C1D92B8F10065E308 /* Sources */,
				6F04577D1D92B8F10065E308 /* Frameworks */,
				6F04577E1D92B8F10065E308 /* Resources */,
			);
			buildRules = (
			);
			dependencies = (
			);
			name = AnimationSample;
			productName = AnimationSample;
			productReference = 6F0457801D92B8F10065E308 /* AnimationSample.app */;
			productType = "com.apple.product-type.application";
		};
/* End PBXNativeTarget section */

/* Begin PBXProject section */
		6F0457781D92B8F10065E308 /* Project object */ = {
			isa = PBXProject;
			attributes = {
				LastSwiftUpdateCheck = 0800;
				LastUpgradeCheck = 0800;
				ORGANIZATIONNAME = "惠清川的Mac";
				TargetAttributes = {
					6F04577F1D92B8F10065E308 = {
						CreatedOnToolsVersion = 8.0;
						ProvisioningStyle = Automatic;
					};
				};
			};
			buildConfigurationList = 6F04577B1D92B8F10065E308 /* Build configuration list for PBXProject "AnimationSample" */;
			compatibilityVersion = "Xcode 3.2";
			developmentRegion = English;
			hasScannedForEncodings = 0;
			knownRegions = (
				en,
				Base,
			);
			mainGroup = 6F0457771D92B8F10065E308;
			productRefGroup = 6F0457811D92B8F10065E308 /* Products */;
			projectDirPath = "";
			projectRoot = "";
			targets = (
				6F04577F1D92B8F10065E308 /* AnimationSample */,
			);
		};
/* End PBXProject section */

/* Begin PBXResourcesBuildPhase section */
		6F04577E1D92B8F10065E308 /* Resources */ = {
			isa = PBXResourcesBuildPhase;
			buildActionMask = 2147483647;
			files = (
				6F04578E1D92B8F20065E308 /* LaunchScreen.storyboard in Resources */,
				34679B4C1D937DBC001EF84A /* wheel-1.png in Resources */,
				34679B4D1D937DBC001EF84A /* wheel-2.png in Resources */,
				6F04578B1D92B8F20065E308 /* Assets.xcassets in Resources */,
				6F0457891D92B8F10065E308 /* Main.storyboard in Resources */,
				34679B4E1D937DBC001EF84A /* wheel.png in Resources */,
			);
			runOnlyForDeploymentPostprocessing = 0;
		};
/* End PBXResourcesBuildPhase section */

/* Begin PBXSourcesBuildPhase section */
		6F04577C1D92B8F10065E308 /* Sources */ = {
			isa = PBXSourcesBuildPhase;
			buildActionMask = 2147483647;
			files = (
				6F0457961D92BCDB0065E308 /* PositionViewController.swift in Sources */,
				34679B781D93E1DE001EF84A /* EassingViewController.swift in Sources */,
				34679B441D937405001EF84A /* ScaleViewController.swift in Sources */,
				6F0457861D92B8F10065E308 /* ViewController.swift in Sources */,
				34679B421D9370DA001EF84A /* OpacityViewController.swift in Sources */,
				34679B481D9378A4001EF84A /* RotationViewController.swift in Sources */,
				34679B761D93D4EB001EF84A /* RepeatViewController.swift in Sources */,
				34679B461D93783E001EF84A /* ColorViewController.swift in Sources */,
				6F0457841D92B8F10065E308 /* AppDelegate.swift in Sources */,
			);
			runOnlyForDeploymentPostprocessing = 0;
		};
/* End PBXSourcesBuildPhase section */

/* Begin PBXVariantGroup section */
		6F0457871D92B8F10065E308 /* Main.storyboard */ = {
			isa = PBXVariantGroup;
			children = (
				6F0457881D92B8F10065E308 /* Base */,
			);
			name = Main.storyboard;
			sourceTree = "<group>";
		};
		6F04578C1D92B8F20065E308 /* LaunchScreen.storyboard */ = {
			isa = PBXVariantGroup;
			children = (
				6F04578D1D92B8F20065E308 /* Base */,
			);
			name = LaunchScreen.storyboard;
			sourceTree = "<group>";
		};
/* End PBXVariantGroup section */

/* Begin XCBuildConfiguration section */
		6F0457901D92B8F20065E308 /* Debug */ = {
			isa = XCBuildConfiguration;
			buildSettings = {
				ALWAYS_SEARCH_USER_PATHS = NO;
				CLANG_ANALYZER_NONNULL = YES;
				CLANG_CXX_LANGUAGE_STANDARD = "gnu++0x";
				CLANG_CXX_LIBRARY = "libc++";
				CLANG_ENABLE_MODULES = YES;
				CLANG_ENABLE_OBJC_ARC = YES;
				CLANG_WARN_BOOL_CONVERSION = YES;
				CLANG_WARN_CONSTANT_CONVERSION = YES;
				CLANG_WARN_DIRECT_OBJC_ISA_USAGE = YES_ERROR;
				CLANG_WARN_DOCUMENTATION_COMMENTS = YES;
				CLANG_WARN_EMPTY_BODY = YES;
				CLANG_WARN_ENUM_CONVERSION = YES;
				CLANG_WARN_INFINITE_RECURSION = YES;
				CLANG_WARN_INT_CONVERSION = YES;
				CLANG_WARN_OBJC_ROOT_CLASS = YES_ERROR;
				CLANG_WARN_SUSPICIOUS_MOVES = YES;
				CLANG_WARN_UNREACHABLE_CODE = YES;
				CLANG_WARN__DUPLICATE_METHOD_MATCH = YES;
				"CODE_SIGN_IDENTITY[sdk=iphoneos*]" = "iPhone Developer";
				COPY_PHASE_STRIP = NO;
				DEBUG_INFORMATION_FORMAT = dwarf;
				ENABLE_STRICT_OBJC_MSGSEND = YES;
				ENABLE_TESTABILITY = YES;
				GCC_C_LANGUAGE_STANDARD = gnu99;
				GCC_DYNAMIC_NO_PIC = NO;
				GCC_NO_COMMON_BLOCKS = YES;
				GCC_OPTIMIZATION_LEVEL = 0;
				GCC_PREPROCESSOR_DEFINITIONS = (
					"DEBUG=1",
					"$(inherited)",
				);
				GCC_WARN_64_TO_32_BIT_CONVERSION = YES;
				GCC_WARN_ABOUT_RETURN_TYPE = YES_ERROR;
				GCC_WARN_UNDECLARED_SELECTOR = YES;
				GCC_WARN_UNINITIALIZED_AUTOS = YES_AGGRESSIVE;
				GCC_WARN_UNUSED_FUNCTION = YES;
				GCC_WARN_UNUSED_VARIABLE = YES;
				IPHONEOS_DEPLOYMENT_TARGET = 10.0;
				MTL_ENABLE_DEBUG_INFO = YES;
				ONLY_ACTIVE_ARCH = YES;
				SDKROOT = iphoneos;
				SWIFT_ACTIVE_COMPILATION_CONDITIONS = DEBUG;
				SWIFT_OPTIMIZATION_LEVEL = "-Onone";
				TARGETED_DEVICE_FAMILY = "1,2";
			};
			name = Debug;
		};
		6F0457911D92B8F20065E308 /* Release */ = {
			isa = XCBuildConfiguration;
			buildSettings = {
				ALWAYS_SEARCH_USER_PATHS = NO;
				CLANG_ANALYZER_NONNULL = YES;
				CLANG_CXX_LANGUAGE_STANDARD = "gnu++0x";
				CLANG_CXX_LIBRARY = "libc++";
				CLANG_ENABLE_MODULES = YES;
				CLANG_ENABLE_OBJC_ARC = YES;
				CLANG_WARN_BOOL_CONVERSION = YES;
				CLANG_WARN_CONSTANT_CONVERSION = YES;
				CLANG_WARN_DIRECT_OBJC_ISA_USAGE = YES_ERROR;
				CLANG_WARN_DOCUMENTATION_COMMENTS = YES;
				CLANG_WARN_EMPTY_BODY = YES;
				CLANG_WARN_ENUM_CONVERSION = YES;
				CLANG_WARN_INFINITE_RECURSION = YES;
				CLANG_WARN_INT_CONVERSION = YES;
				CLANG_WARN_OBJC_ROOT_CLASS = YES_ERROR;
				CLANG_WARN_SUSPICIOUS_MOVES = YES;
				CLANG_WARN_UNREACHABLE_CODE = YES;
				CLANG_WARN__DUPLICATE_METHOD_MATCH = YES;
				"CODE_SIGN_IDENTITY[sdk=iphoneos*]" = "iPhone Developer";
				COPY_PHASE_STRIP = NO;
				DEBUG_INFORMATION_FORMAT = "dwarf-with-dsym";
				ENABLE_NS_ASSERTIONS = NO;
				ENABLE_STRICT_OBJC_MSGSEND = YES;
				GCC_C_LANGUAGE_STANDARD = gnu99;
				GCC_NO_COMMON_BLOCKS = YES;
				GCC_WARN_64_TO_32_BIT_CONVERSION = YES;
				GCC_WARN_ABOUT_RETURN_TYPE = YES_ERROR;
				GCC_WARN_UNDECLARED_SELECTOR = YES;
				GCC_WARN_UNINITIALIZED_AUTOS = YES_AGGRESSIVE;
				GCC_WARN_UNUSED_FUNCTION = YES;
				GCC_WARN_UNUSED_VARIABLE = YES;
				IPHONEOS_DEPLOYMENT_TARGET = 10.0;
				MTL_ENABLE_DEBUG_INFO = NO;
				SDKROOT = iphoneos;
				SWIFT_OPTIMIZATION_LEVEL = "-Owholemodule";
				TARGETED_DEVICE_FAMILY = "1,2";
				VALIDATE_PRODUCT = YES;
			};
			name = Release;
		};
		6F0457931D92B8F20065E308 /* Debug */ = {
			isa = XCBuildConfiguration;
			buildSettings = {
				ASSETCATALOG_COMPILER_APPICON_NAME = AppIcon;
				INFOPLIST_FILE = AnimationSample/Info.plist;
				LD_RUNPATH_SEARCH_PATHS = "$(inherited) @executable_path/Frameworks";
				PRODUCT_BUNDLE_IDENTIFIER = com.qianfeng.AnimationSample;
				PRODUCT_NAME = "$(TARGET_NAME)";
				SWIFT_VERSION = 3.0;
			};
			name = Debug;
		};
		6F0457941D92B8F20065E308 /* Release */ = {
			isa = XCBuildConfiguration;
			buildSettings = {
				ASSETCATALOG_COMPILER_APPICON_NAME = AppIcon;
				INFOPLIST_FILE = AnimationSample/Info.plist;
				LD_RUNPATH_SEARCH_PATHS = "$(inherited) @executable_path/Frameworks";
				PRODUCT_BUNDLE_IDENTIFIER = com.qianfeng.AnimationSample;
				PRODUCT_NAME = "$(TARGET_NAME)";
				SWIFT_VERSION = 3.0;
			};
			name = Release;
		};
/* End XCBuildConfiguration section */

/* Begin XCConfigurationList section */
		6F04577B1D92B8F10065E308 /* Build configuration list for PBXProject "AnimationSample" */ = {
			isa = XCConfigurationList;
			buildConfigurations = (
				6F0457901D92B8F20065E308 /* Debug */,
				6F0457911D92B8F20065E308 /* Release */,
			);
			defaultConfigurationIsVisible = 0;
			defaultConfigurationName = Release;
		};
		6F0457921D92B8F20065E308 /* Build configuration list for PBXNativeTarget "AnimationSample" */ = {
			isa = XCConfigurationList;
			buildConfigurations = (
				6F0457931D92B8F20065E308 /* Debug */,
				6F0457941D92B8F20065E308 /* Release */,
			);
			defaultConfigurationIsVisible = 0;
			defaultConfigurationName = Release;
		};
/* End XCConfigurationList section */
	};
	rootObject = 6F0457781D92B8F10065E308 /* Project object */;
}
